
Microsoft Visual Studio Solution File, Format Version 12.00
# Visual Studio Version 18
VisualStudioVersion = 18.2.11408.102 d18.0
MinimumVisualStudioVersion = 10.0.40219.1
Project("{FAE04EC0-301F-11D3-BF4B-00C04F79EFBC}") = "MooldangAPI", "MooldangAPI.csproj", "{CFAE6FA5-752B-05FB-B0B7-8B322A5835DB}"
EndProject
Global
	GlobalSection(SolutionConfigurationPlatforms) = preSolution
		Debug|Any CPU = Debug|Any CPU
		Release|Any CPU = Release|Any CPU
	EndGlobalSection
	GlobalSection(ProjectConfigurationPlatforms) = postSolution
		{CFAE6FA5-752B-05FB-B0B7-8B322A5835DB}.Debug|Any CPU.ActiveCfg = Debug|Any CPU
		{CFAE6FA5-752B-05FB-B0B7-8B322A5835DB}.Debug|Any CPU.Build.0 = Debug|Any CPU
		{CFAE6FA5-752B-05FB-B0B7-8B322A5835DB}.Release|Any CPU.ActiveCfg = Release|Any CPU
		{CFAE6FA5-752B-05FB-B0B7-8B322A5835DB}.Release|Any CPU.Build.0 = Release|Any CPU
	EndGlobalSection
	GlobalSection(SolutionProperties) = preSolution
		HideSolutionNode = FALSE
	EndGlobalSection
	GlobalSection(ExtensibilityGlobals) = postSolution
		SolutionGuid = {AE40A7C0-0E9D-4AEC-AA07-B5FB11EAEB7F}
	EndGlobalSection
EndGlobal
